
Microsoft Visual Studio Solution File, Format Version 12.00
# Visual Studio 14
VisualStudioVersion = 14.0.25420.1
MinimumVisualStudioVersion = 10.0.40219.1
Project("{FAE04EC0-301F-11D3-BF4B-00C04F79EFBC}") = "SRLPORTAL", "SRLPORTAL\SRLPORTAL.csproj", "{B990BB88-3FA0-40D1-8FB2-64A5E02D4E88}"
EndProject
Global
	GlobalSection(SolutionConfigurationPlatforms) = preSolution
		Debug|Any CPU = Debug|Any CPU
		Release|Any CPU = Release|Any CPU
	EndGlobalSection
	GlobalSection(ProjectConfigurationPlatforms) = postSolution
		{B990BB88-3FA0-40D1-8FB2-64A5E02D4E88}.Debug|Any CPU.ActiveCfg = Debug|Any CPU
		{B990BB88-3FA0-40D1-8FB2-64A5E02D4E88}.Debug|Any CPU.Build.0 = Debug|Any CPU
		{B990BB88-3FA0-40D1-8FB2-64A5E02D4E88}.Release|Any CPU.ActiveCfg = Release|Any CPU
		{B990BB88-3FA0-40D1-8FB2-64A5E02D4E88}.Release|Any CPU.Build.0 = Release|Any CPU
	EndGlobalSection
	GlobalSection(SolutionProperties) = preSolution
		HideSolutionNode = FALSE
	EndGlobalSection
EndGlobal
